
Microsoft Visual Studio Solution File, Format Version 12.00
# Visual Studio 2012
Project("{FAE04EC0-301F-11D3-BF4B-00C04F79EFBC}") = "WebDriveManager.Core", "WebDriveManager.Core\WebDriveManager.Core.csproj", "{A5188485-7BE0-4DFD-8B17-7EB93B5EFFBC}"
EndProject
Project("{FAE04EC0-301F-11D3-BF4B-00C04F79EFBC}") = "WebDriveManager.Core.Test", "WebDriveManager.Core.Test\WebDriveManager.Core.Test.csproj", "{A4315452-D122-4F8B-A639-4830F3369A51}"
EndProject
Project("{FAE04EC0-301F-11D3-BF4B-00C04F79EFBC}") = "WebDriveManager.WPF", "WebDriveManager.WPF\WebDriveManager.WPF.csproj", "{742E7B77-FE5A-4892-A5C9-8DAE1B23A761}"
EndProject
Project("{FAE04EC0-301F-11D3-BF4B-00C04F79EFBC}") = "WebDriveManager.GoogleDrive", "WebDriveManager.GoogleDrive\WebDriveManager.GoogleDrive.csproj", "{3371AA29-15B2-4ACF-9A3E-773D71FDDFC6}"
EndProject
Project("{FAE04EC0-301F-11D3-BF4B-00C04F79EFBC}") = "WebDriveManager.GoogleDrive.Test", "WebDriveManager.GoogleDrive.Test\WebDriveManager.GoogleDrive.Test.csproj", "{44ECA303-D4A7-4681-BD9C-49D63F967FEB}"
EndProject
Global
	GlobalSection(SolutionConfigurationPlatforms) = preSolution
		Debug|Any CPU = Debug|Any CPU
		Release|Any CPU = Release|Any CPU
	EndGlobalSection
	GlobalSection(ProjectConfigurationPlatforms) = postSolution
		{A5188485-7BE0-4DFD-8B17-7EB93B5EFFBC}.Debug|Any CPU.ActiveCfg = Debug|Any CPU
		{A5188485-7BE0-4DFD-8B17-7EB93B5EFFBC}.Debug|Any CPU.Build.0 = Debug|Any CPU
		{A5188485-7BE0-4DFD-8B17-7EB93B5EFFBC}.Release|Any CPU.ActiveCfg = Release|Any CPU
		{A5188485-7BE0-4DFD-8B17-7EB93B5EFFBC}.Release|Any CPU.Build.0 = Release|Any CPU
		{A4315452-D122-4F8B-A639-4830F3369A51}.Debug|Any CPU.ActiveCfg = Debug|Any CPU
		{A4315452-D122-4F8B-A639-4830F3369A51}.Debug|Any CPU.Build.0 = Debug|Any CPU
		{A4315452-D122-4F8B-A639-4830F3369A51}.Release|Any CPU.ActiveCfg = Release|Any CPU
		{A4315452-D122-4F8B-A639-4830F3369A51}.Release|Any CPU.Build.0 = Release|Any CPU
		{742E7B77-FE5A-4892-A5C9-8DAE1B23A761}.Debug|Any CPU.ActiveCfg = Debug|Any CPU
		{742E7B77-FE5A-4892-A5C9-8DAE1B23A761}.Debug|Any CPU.Build.0 = Debug|Any CPU
		{742E7B77-FE5A-4892-A5C9-8DAE1B23A761}.Release|Any CPU.ActiveCfg = Release|Any CPU
		{742E7B77-FE5A-4892-A5C9-8DAE1B23A761}.Release|Any CPU.Build.0 = Release|Any CPU
		{3371AA29-15B2-4ACF-9A3E-773D71FDDFC6}.Debug|Any CPU.ActiveCfg = Debug|Any CPU
		{3371AA29-15B2-4ACF-9A3E-773D71FDDFC6}.Debug|Any CPU.Build.0 = Debug|Any CPU
		{3371AA29-15B2-4ACF-9A3E-773D71FDDFC6}.Release|Any CPU.ActiveCfg = Release|Any CPU
		{3371AA29-15B2-4ACF-9A3E-773D71FDDFC6}.Release|Any CPU.Build.0 = Release|Any CPU
		{44ECA303-D4A7-4681-BD9C-49D63F967FEB}.Debug|Any CPU.ActiveCfg = Debug|Any CPU
		{44ECA303-D4A7-4681-BD9C-49D63F967FEB}.Debug|Any CPU.Build.0 = Debug|Any CPU
		{44ECA303-D4A7-4681-BD9C-49D63F967FEB}.Release|Any CPU.ActiveCfg = Release|Any CPU
		{44ECA303-D4A7-4681-BD9C-49D63F967FEB}.Release|Any CPU.Build.0 = Release|Any CPU
	EndGlobalSection
	GlobalSection(SolutionProperties) = preSolution
		HideSolutionNode = FALSE
	EndGlobalSection
EndGlobal
